
Microsoft Visual Studio Solution File, Format Version 12.00
# Visual Studio Version 17
VisualStudioVersion = 17.8.34511.84
MinimumVisualStudioVersion = 10.0.40219.1
Project("{FAE04EC0-301F-11D3-BF4B-00C04F79EFBC}") = "App", "App\App.csproj", "{1FB495A5-8363-41BE-A057-FA1C92816555}"
EndProject
Project("{FAE04EC0-301F-11D3-BF4B-00C04F79EFBC}") = "JsonPorting", "JsonPorting\JsonPorting.csproj", "{0BB4E3E5-5147-4C9D-8885-A80802601978}"
EndProject
Project("{FAE04EC0-301F-11D3-BF4B-00C04F79EFBC}") = "JSonPortingTest", "JSonPortingTest\JSonPortingTest.csproj", "{103C15C5-71B1-476E-A266-5F34A6A32D93}"
EndProject
Global
	GlobalSection(SolutionConfigurationPlatforms) = preSolution
		Debug|Any CPU = Debug|Any CPU
		Release|Any CPU = Release|Any CPU
	EndGlobalSection
	GlobalSection(ProjectConfigurationPlatforms) = postSolution
		{1FB495A5-8363-41BE-A057-FA1C92816555}.Debug|Any CPU.ActiveCfg = Debug|Any CPU
		{1FB495A5-8363-41BE-A057-FA1C92816555}.Debug|Any CPU.Build.0 = Debug|Any CPU
		{1FB495A5-8363-41BE-A057-FA1C92816555}.Release|Any CPU.ActiveCfg = Release|Any CPU
		{1FB495A5-8363-41BE-A057-FA1C92816555}.Release|Any CPU.Build.0 = Release|Any CPU
		{0BB4E3E5-5147-4C9D-8885-A80802601978}.Debug|Any CPU.ActiveCfg = Debug|Any CPU
		{0BB4E3E5-5147-4C9D-8885-A80802601978}.Debug|Any CPU.Build.0 = Debug|Any CPU
		{0BB4E3E5-5147-4C9D-8885-A80802601978}.Release|Any CPU.ActiveCfg = Release|Any CPU
		{0BB4E3E5-5147-4C9D-8885-A80802601978}.Release|Any CPU.Build.0 = Release|Any CPU
		{103C15C5-71B1-476E-A266-5F34A6A32D93}.Debug|Any CPU.ActiveCfg = Debug|Any CPU
		{103C15C5-71B1-476E-A266-5F34A6A32D93}.Debug|Any CPU.Build.0 = Debug|Any CPU
		{103C15C5-71B1-476E-A266-5F34A6A32D93}.Release|Any CPU.ActiveCfg = Release|Any CPU
		{103C15C5-71B1-476E-A266-5F34A6A32D93}.Release|Any CPU.Build.0 = Release|Any CPU
	EndGlobalSection
	GlobalSection(SolutionProperties) = preSolution
		HideSolutionNode = FALSE
	EndGlobalSection
	GlobalSection(ExtensibilityGlobals) = postSolution
		SolutionGuid = {BD072F58-AF72-49F9-AA18-2D9129DC630B}
	EndGlobalSection
EndGlobal
